
Microsoft Visual Studio Solution File, Format Version 12.00
# Visual Studio Version 16
VisualStudioVersion = 16.0.31321.278
MinimumVisualStudioVersion = 10.0.40219.1
Project("{9A19103F-16F7-4668-BE54-9A1E7A4F7556}") = "WPFExplorer", "WpfExplorer\WPFExplorer.csproj", "{B37CF9C3-BE1B-462D-B121-70906A865B82}"
EndProject
Project("{9A19103F-16F7-4668-BE54-9A1E7A4F7556}") = "WindowsFormsExplorer", "WindowsFormsExplorer\WindowsFormsExplorer.csproj", "{10359C77-5647-4A28-BC76-10057042A201}"
EndProject
Project("{9A19103F-16F7-4668-BE54-9A1E7A4F7556}") = "SamplesLibrary", "SamplesLibrary\SamplesLibrary.csproj", "{4D0E483D-A612-4DC5-AED0-E6157F19E5AE}"
EndProject
Global
	GlobalSection(SolutionConfigurationPlatforms) = preSolution
		Debug|Any CPU = Debug|Any CPU
		Release|Any CPU = Release|Any CPU
	EndGlobalSection
	GlobalSection(ProjectConfigurationPlatforms) = postSolution
		{4D0E483D-A612-4DC5-AED0-E6157F19E5AE}.Debug|Any CPU.ActiveCfg = Debug|Any CPU
		{4D0E483D-A612-4DC5-AED0-E6157F19E5AE}.Debug|Any CPU.Build.0 = Debug|Any CPU
		{4D0E483D-A612-4DC5-AED0-E6157F19E5AE}.Release|Any CPU.ActiveCfg = Release|Any CPU
		{4D0E483D-A612-4DC5-AED0-E6157F19E5AE}.Release|Any CPU.Build.0 = Release|Any CPU
		{B37CF9C3-BE1B-462D-B121-70906A865B82}.Debug|Any CPU.ActiveCfg = Debug|Any CPU
		{B37CF9C3-BE1B-462D-B121-70906A865B82}.Debug|Any CPU.Build.0 = Debug|Any CPU
		{B37CF9C3-BE1B-462D-B121-70906A865B82}.Release|Any CPU.ActiveCfg = Release|Any CPU
		{B37CF9C3-BE1B-462D-B121-70906A865B82}.Release|Any CPU.Build.0 = Release|Any CPU
		{10359C77-5647-4A28-BC76-10057042A201}.Debug|Any CPU.ActiveCfg = Debug|Any CPU
		{10359C77-5647-4A28-BC76-10057042A201}.Debug|Any CPU.Build.0 = Debug|Any CPU
		{10359C77-5647-4A28-BC76-10057042A201}.Release|Any CPU.ActiveCfg = Release|Any CPU
		{10359C77-5647-4A28-BC76-10057042A201}.Release|Any CPU.Build.0 = Release|Any CPU
	EndGlobalSection
	GlobalSection(SolutionProperties) = preSolution
		HideSolutionNode = FALSE
	EndGlobalSection
	GlobalSection(ExtensibilityGlobals) = postSolution
		SolutionGuid = {6A1EA748-FF52-4614-A5C0-83D591D56B46}
	EndGlobalSection
EndGlobal
